
Microsoft Visual Studio Solution File, Format Version 12.00
# Visual Studio Version 16
VisualStudioVersion = 16.0.31005.135
MinimumVisualStudioVersion = 10.0.40219.1
Project("{FAE04EC0-301F-11D3-BF4B-00C04F79EFBC}") = "GameProject", "GameProject\GameProject.csproj", "{D5F71927-A1EF-4828-ACE2-D3239CFD5987}"
EndProject
Global
	GlobalSection(SolutionConfigurationPlatforms) = preSolution
		Debug|Any CPU = Debug|Any CPU
		Release|Any CPU = Release|Any CPU
	EndGlobalSection
	GlobalSection(ProjectConfigurationPlatforms) = postSolution
		{D5F71927-A1EF-4828-ACE2-D3239CFD5987}.Debug|Any CPU.ActiveCfg = Debug|Any CPU
		{D5F71927-A1EF-4828-ACE2-D3239CFD5987}.Debug|Any CPU.Build.0 = Debug|Any CPU
		{D5F71927-A1EF-4828-ACE2-D3239CFD5987}.Release|Any CPU.ActiveCfg = Release|Any CPU
		{D5F71927-A1EF-4828-ACE2-D3239CFD5987}.Release|Any CPU.Build.0 = Release|Any CPU
	EndGlobalSection
	GlobalSection(SolutionProperties) = preSolution
		HideSolutionNode = FALSE
	EndGlobalSection
	GlobalSection(ExtensibilityGlobals) = postSolution
		SolutionGuid = {191862FF-58BB-4E68-89FC-62AC2949434B}
	EndGlobalSection
EndGlobal
